// !$*UTF8*$!
{
	archiveVersion = 1;
	classes = {
	};
	objectVersion = 46;
	objects = {

/* Begin PBXBuildFile section */
		1D60589F0D05DD5A006BFB54 /* Foundation.framework in Frameworks */ = {isa = PBXBuildFile; fileRef = 1D30AB110D05D00D00671497 /* Foundation.framework */; };
		1DF5F4E00D08C38300B7A737 /* UIKit.framework in Frameworks */ = {isa = PBXBuildFile; fileRef = 1DF5F4DF0D08C38300B7A737 /* UIKit.framework */; };
		2892E4100DC94CBA00A64D0F /* CoreGraphics.framework in Frameworks */ = {isa = PBXBuildFile; fileRef = 2892E40F0DC94CBA00A64D0F /* CoreGraphics.framework */; };
		3013F258124A74E100C82647 /* MainWindow.xib in Resources */ = {isa = PBXBuildFile; fileRef = 3013F255124A74E100C82647 /* MainWindow.xib */; };
		3013F259124A74E100C82647 /* iPWSDatabasesViewController.xib in Resources */ = {isa = PBXBuildFile; fileRef = 3013F256124A74E100C82647 /* iPWSDatabasesViewController.xib */; };
		3013F262124A752200C82647 /* iPasswordSafeAppDelegate.mm in Sources */ = {isa = PBXBuildFile; fileRef = 3013F25F124A752200C82647 /* iPasswordSafeAppDelegate.mm */; };
		3013F263124A752200C82647 /* main.mm in Sources */ = {isa = PBXBuildFile; fileRef = 3013F260124A752200C82647 /* main.mm */; };
		3013F264124A752200C82647 /* iPWSDatabasesViewController.mm in Sources */ = {isa = PBXBuildFile; fileRef = 3013F261124A752200C82647 /* iPWSDatabasesViewController.mm */; };
		3013F38E124BB7FA00C82647 /* iPWSDatabaseFactory.mm in Sources */ = {isa = PBXBuildFile; fileRef = 3013F38D124BB7FA00C82647 /* iPWSDatabaseFactory.mm */; };
		3013F3B9124BCB7E00C82647 /* iPWSDatabaseModel.mm in Sources */ = {isa = PBXBuildFile; fileRef = 3013F3B8124BCB7E00C82647 /* iPWSDatabaseModel.mm */; };
		3020EDC8125FB18900DCDDB0 /* Settings.bundle in Resources */ = {isa = PBXBuildFile; fileRef = 3020EDC7125FB18900DCDDB0 /* Settings.bundle */; };
		303505E817EE6AE30011CBEE /* libPasswordSafe.a in Frameworks */ = {isa = PBXBuildFile; fileRef = 303505E217EE69AC0011CBEE /* libPasswordSafe.a */; };
		303CC30C125688B3005E4970 /* iPWSDatabaseModelViewController.mm in Sources */ = {isa = PBXBuildFile; fileRef = 303CC30A125688B3005E4970 /* iPWSDatabaseModelViewController.mm */; };
		303CC30F125688DB005E4970 /* iPWSDatabaseModelViewController.xib in Resources */ = {isa = PBXBuildFile; fileRef = 303CC30E125688DB005E4970 /* iPWSDatabaseModelViewController.xib */; };
		303CC3541256969F005E4970 /* iPWSDatabaseEntryViewController.mm in Sources */ = {isa = PBXBuildFile; fileRef = 303CC3521256969F005E4970 /* iPWSDatabaseEntryViewController.mm */; };
		303CC358125696D0005E4970 /* iPWSDatabaseEntryViewController.xib in Resources */ = {isa = PBXBuildFile; fileRef = 303CC357125696D0005E4970 /* iPWSDatabaseEntryViewController.xib */; };
		304BB07E1252831E00702002 /* iPWSDatabaseImportViewController.mm in Sources */ = {isa = PBXBuildFile; fileRef = 304BB07C1252831E00702002 /* iPWSDatabaseImportViewController.mm */; };
		304BB0811252835C00702002 /* iPWSDatabaseImportViewController.xib in Resources */ = {isa = PBXBuildFile; fileRef = 304BB0801252835C00702002 /* iPWSDatabaseImportViewController.xib */; };
		304BB13D1252953500702002 /* iPWSDatabaseDetailViewController.mm in Sources */ = {isa = PBXBuildFile; fileRef = 304BB13B1252953500702002 /* iPWSDatabaseDetailViewController.mm */; };
		304BB1411252956300702002 /* iPWSDatabaseDetailViewController.xib in Resources */ = {isa = PBXBuildFile; fileRef = 304BB1401252956300702002 /* iPWSDatabaseDetailViewController.xib */; };
		305DD87817EE970B0080A436 /* Images.xcassets in Resources */ = {isa = PBXBuildFile; fileRef = 305DD87717EE970B0080A436 /* Images.xcassets */; };
		305DD87C17EEAE1B0080A436 /* QuartzCore.framework in Frameworks */ = {isa = PBXBuildFile; fileRef = 305DD87B17EEAE1B0080A436 /* QuartzCore.framework */; };
		305DD88017EEB2570080A436 /* DropboxSDK.framework in Frameworks */ = {isa = PBXBuildFile; fileRef = 305DD87F17EEB2570080A436 /* DropboxSDK.framework */; };
		305DD88217EF55100080A436 /* settings.png in Resources */ = {isa = PBXBuildFile; fileRef = 305DD88117EF55100080A436 /* settings.png */; };
		306D81C616152B7D0084D991 /* MainWindow-iPad.xib in Resources */ = {isa = PBXBuildFile; fileRef = 306D81C516152B7D0084D991 /* MainWindow-iPad.xib */; };
		306D81C816152C200084D991 /* Default-568h@2x.png in Resources */ = {isa = PBXBuildFile; fileRef = 306D81C716152C200084D991 /* Default-568h@2x.png */; };
		30933E7C124C0A8800622BFA /* iPWSDatabaseEntryModel.mm in Sources */ = {isa = PBXBuildFile; fileRef = 30933E7B124C0A8800622BFA /* iPWSDatabaseEntryModel.mm */; };
		30933F551251314000622BFA /* iPWSDatabaseAddViewController.mm in Sources */ = {isa = PBXBuildFile; fileRef = 30933F531251314000622BFA /* iPWSDatabaseAddViewController.mm */; };
		30933F591251316F00622BFA /* iPWSDatabaseAddViewController.xib in Resources */ = {isa = PBXBuildFile; fileRef = 30933F581251316F00622BFA /* iPWSDatabaseAddViewController.xib */; };
		30DF134C1278C801005929AD /* lockbarbutton.png in Resources */ = {isa = PBXBuildFile; fileRef = 30DF134B1278C801005929AD /* lockbarbutton.png */; };
		30E1070E1279F32E00649034 /* diceicon.png in Resources */ = {isa = PBXBuildFile; fileRef = 30E1070D1279F32E00649034 /* diceicon.png */; };
		5C4324F61F5F69AF0012EDB6 /* NSString+CppStringAdditions.mm in Sources */ = {isa = PBXBuildFile; fileRef = 5C4324F51F5F69AF0012EDB6 /* NSString+CppStringAdditions.mm */; };
		A10F649712F3CBCE00FFC851 /* ActivityOverlayViewController.xib in Resources */ = {isa = PBXBuildFile; fileRef = A10F649612F3CBCE00FFC851 /* ActivityOverlayViewController.xib */; };
		A10F649912F3CBDF00FFC851 /* ActivityOverlayViewController.mm in Sources */ = {isa = PBXBuildFile; fileRef = A10F649812F3CBDF00FFC851 /* ActivityOverlayViewController.mm */; };
		A119225B150D90EE00A8C520 /* iPWSDropBoxAuthenticator.mm in Sources */ = {isa = PBXBuildFile; fileRef = A119225A150D90ED00A8C520 /* iPWSDropBoxAuthenticator.mm */; };
		A14CF8D71499171900D53605 /* PasswordAlertView.mm in Sources */ = {isa = PBXBuildFile; fileRef = A14CF8D61499171900D53605 /* PasswordAlertView.mm */; };
		A150EF451512B671002EC340 /* iPWSDatabaseModelMerger.mm in Sources */ = {isa = PBXBuildFile; fileRef = A150EF441512B671002EC340 /* iPWSDatabaseModelMerger.mm */; };
		A150EF471512B68E002EC340 /* iPWSDatabaseModelMerger.xib in Resources */ = {isa = PBXBuildFile; fileRef = A150EF461512B68E002EC340 /* iPWSDatabaseModelMerger.xib */; };
		A16BF23A1507088F0035960A /* DismissAlertView.mm in Sources */ = {isa = PBXBuildFile; fileRef = A16BF2391507088F0035960A /* DismissAlertView.mm */; };
		A17F221F150EC54900AB1495 /* iPWSDropBoxImportViewController.mm in Sources */ = {isa = PBXBuildFile; fileRef = A17F221E150EC54900AB1495 /* iPWSDropBoxImportViewController.mm */; };
		A17F2221150EC55600AB1495 /* iPWSDropBoxImportViewController.xib in Resources */ = {isa = PBXBuildFile; fileRef = A17F2220150EC55600AB1495 /* iPWSDropBoxImportViewController.xib */; };
		A1851335150C35970081EE26 /* iPWSDropBoxSynchronizer.mm in Sources */ = {isa = PBXBuildFile; fileRef = A1851334150C35970081EE26 /* iPWSDropBoxSynchronizer.mm */; };
		A1851346150D20CC0081EE26 /* iPWSDropBoxSynchronizerView.xib in Resources */ = {isa = PBXBuildFile; fileRef = A1851345150D20CC0081EE26 /* iPWSDropBoxSynchronizerView.xib */; };
		A1CB19A51509A2B60006DD14 /* Security.framework in Frameworks */ = {isa = PBXBuildFile; fileRef = A1CB19A41509A2B60006DD14 /* Security.framework */; };
		A1FD0B5E1511798800FF0E8E /* iPWSDropBoxPreferences.mm in Sources */ = {isa = PBXBuildFile; fileRef = A1FD0B5D1511798800FF0E8E /* iPWSDropBoxPreferences.mm */; };
		A1FD0B611511939E00FF0E8E /* iPWSDropBoxConflictResolver.mm in Sources */ = {isa = PBXBuildFile; fileRef = A1FD0B601511939E00FF0E8E /* iPWSDropBoxConflictResolver.mm */; };
		A1FD0B65151193E800FF0E8E /* iPWSDropBoxConflictResolverView.xib in Resources */ = {isa = PBXBuildFile; fileRef = A1FD0B64151193E800FF0E8E /* iPWSDropBoxConflictResolverView.xib */; };
/* End PBXBuildFile section */

/* Begin PBXContainerItemProxy section */
		303505E117EE69AC0011CBEE /* PBXContainerItemProxy */ = {
			isa = PBXContainerItemProxy;
			containerPortal = 303505DD17EE69AC0011CBEE /* PasswordSafe.xcodeproj */;
			proxyType = 2;
			remoteGlobalIDString = D2AAC046055464E500DB518D;
			remoteInfo = PasswordSafe;
		};
		303505E917EE6AF60011CBEE /* PBXContainerItemProxy */ = {
			isa = PBXContainerItemProxy;
			containerPortal = 303505DD17EE69AC0011CBEE /* PasswordSafe.xcodeproj */;
			proxyType = 1;
			remoteGlobalIDString = D2AAC045055464E500DB518D;
			remoteInfo = PasswordSafe;
		};
/* End PBXContainerItemProxy section */

/* Begin PBXFileReference section */
		1D30AB110D05D00D00671497 /* Foundation.framework */ = {isa = PBXFileReference; lastKnownFileType = wrapper.framework; name = Foundation.framework; path = System/Library/Frameworks/Foundation.framework; sourceTree = SDKROOT; };
		1D6058910D05DD3D006BFB54 /* PasswordSafes.app */ = {isa = PBXFileReference; explicitFileType = wrapper.application; includeInIndex = 0; path = PasswordSafes.app; sourceTree = BUILT_PRODUCTS_DIR; };
		1DF5F4DF0D08C38300B7A737 /* UIKit.framework */ = {isa = PBXFileReference; lastKnownFileType = wrapper.framework; name = UIKit.framework; path = System/Library/Frameworks/UIKit.framework; sourceTree = SDKROOT; };
		2892E40F0DC94CBA00A64D0F /* CoreGraphics.framework */ = {isa = PBXFileReference; lastKnownFileType = wrapper.framework; name = CoreGraphics.framework; path = System/Library/Frameworks/CoreGraphics.framework; sourceTree = SDKROOT; };
		3013F255124A74E100C82647 /* MainWindow.xib */ = {isa = PBXFileReference; lastKnownFileType = file.xib; name = MainWindow.xib; path = resources/MainWindow.xib; sourceTree = "<group>"; };
		3013F256124A74E100C82647 /* iPWSDatabasesViewController.xib */ = {isa = PBXFileReference; lastKnownFileType = file.xib; name = iPWSDatabasesViewController.xib; path = resources/iPWSDatabasesViewController.xib; sourceTree = "<group>"; };
		3013F25F124A752200C82647 /* iPasswordSafeAppDelegate.mm */ = {isa = PBXFileReference; fileEncoding = 4; lastKnownFileType = sourcecode.cpp.objcpp; name = iPasswordSafeAppDelegate.mm; path = source/iPasswordSafeAppDelegate.mm; sourceTree = "<group>"; };
		3013F260124A752200C82647 /* main.mm */ = {isa = PBXFileReference; fileEncoding = 4; lastKnownFileType = sourcecode.cpp.objcpp; name = main.mm; path = source/main.mm; sourceTree = "<group>"; };
		3013F261124A752200C82647 /* iPWSDatabasesViewController.mm */ = {isa = PBXFileReference; fileEncoding = 4; lastKnownFileType = sourcecode.cpp.objcpp; name = iPWSDatabasesViewController.mm; path = source/iPWSDatabasesViewController.mm; sourceTree = "<group>"; };
		3013F266124A753400C82647 /* iPasswordSafeAppDelegate.h */ = {isa = PBXFileReference; fileEncoding = 4; lastKnownFileType = sourcecode.c.h; name = iPasswordSafeAppDelegate.h; path = include/iPasswordSafeAppDelegate.h; sourceTree = "<group>"; };
		3013F267124A753400C82647 /* iPWSDatabasesViewController.h */ = {isa = PBXFileReference; fileEncoding = 4; lastKnownFileType = sourcecode.c.h; name = iPWSDatabasesViewController.h; path = include/iPWSDatabasesViewController.h; sourceTree = "<group>"; };
		3013F270124A76E100C82647 /* iPasswordSafe_Prefix.pch */ = {isa = PBXFileReference; fileEncoding = 4; lastKnownFileType = sourcecode.c.h; path = iPasswordSafe_Prefix.pch; sourceTree = "<group>"; };
		3013F38D124BB7FA00C82647 /* iPWSDatabaseFactory.mm */ = {isa = PBXFileReference; fileEncoding = 4; lastKnownFileType = sourcecode.cpp.objcpp; name = iPWSDatabaseFactory.mm; path = source/iPWSDatabaseFactory.mm; sourceTree = "<group>"; };
		3013F38F124BB84100C82647 /* iPWSDatabaseFactory.h */ = {isa = PBXFileReference; fileEncoding = 4; lastKnownFileType = sourcecode.c.h; name = iPWSDatabaseFactory.h; path = include/iPWSDatabaseFactory.h; sourceTree = "<group>"; };
		3013F3B8124BCB7E00C82647 /* iPWSDatabaseModel.mm */ = {isa = PBXFileReference; fileEncoding = 4; lastKnownFileType = sourcecode.cpp.objcpp; name = iPWSDatabaseModel.mm; path = source/iPWSDatabaseModel.mm; sourceTree = "<group>"; };
		3020EDC7125FB18900DCDDB0 /* Settings.bundle */ = {isa = PBXFileReference; lastKnownFileType = "wrapper.plug-in"; path = Settings.bundle; sourceTree = "<group>"; };
		303505DD17EE69AC0011CBEE /* PasswordSafe.xcodeproj */ = {isa = PBXFileReference; lastKnownFileType = "wrapper.pb-project"; name = PasswordSafe.xcodeproj; path = thirdpartysource/PasswordSafe/PasswordSafe.xcodeproj; sourceTree = "<group>"; };
		303CC30A125688B3005E4970 /* iPWSDatabaseModelViewController.mm */ = {isa = PBXFileReference; fileEncoding = 4; lastKnownFileType = sourcecode.cpp.objcpp; name = iPWSDatabaseModelViewController.mm; path = source/iPWSDatabaseModelViewController.mm; sourceTree = "<group>"; };
		303CC30E125688DB005E4970 /* iPWSDatabaseModelViewController.xib */ = {isa = PBXFileReference; lastKnownFileType = file.xib; name = iPWSDatabaseModelViewController.xib; path = resources/iPWSDatabaseModelViewController.xib; sourceTree = "<group>"; };
		303CC310125688E5005E4970 /* iPWSDatabaseModelViewController.h */ = {isa = PBXFileReference; fileEncoding = 4; lastKnownFileType = sourcecode.c.h; name = iPWSDatabaseModelViewController.h; path = include/iPWSDatabaseModelViewController.h; sourceTree = "<group>"; };
		303CC3521256969F005E4970 /* iPWSDatabaseEntryViewController.mm */ = {isa = PBXFileReference; fileEncoding = 4; lastKnownFileType = sourcecode.cpp.objcpp; name = iPWSDatabaseEntryViewController.mm; path = source/iPWSDatabaseEntryViewController.mm; sourceTree = "<group>"; };
		303CC356125696C6005E4970 /* iPWSDatabaseEntryViewController.h */ = {isa = PBXFileReference; fileEncoding = 4; lastKnownFileType = sourcecode.c.h; name = iPWSDatabaseEntryViewController.h; path = include/iPWSDatabaseEntryViewController.h; sourceTree = "<group>"; };
		303CC357125696D0005E4970 /* iPWSDatabaseEntryViewController.xib */ = {isa = PBXFileReference; lastKnownFileType = file.xib; name = iPWSDatabaseEntryViewController.xib; path = resources/iPWSDatabaseEntryViewController.xib; sourceTree = "<group>"; };
		304BB07C1252831E00702002 /* iPWSDatabaseImportViewController.mm */ = {isa = PBXFileReference; fileEncoding = 4; lastKnownFileType = sourcecode.cpp.objcpp; name = iPWSDatabaseImportViewController.mm; path = source/iPWSDatabaseImportViewController.mm; sourceTree = "<group>"; };
		304BB0801252835C00702002 /* iPWSDatabaseImportViewController.xib */ = {isa = PBXFileReference; lastKnownFileType = file.xib; name = iPWSDatabaseImportViewController.xib; path = resources/iPWSDatabaseImportViewController.xib; sourceTree = "<group>"; };
		304BB0821252836600702002 /* iPWSDatabaseImportViewController.h */ = {isa = PBXFileReference; fileEncoding = 4; lastKnownFileType = sourcecode.c.h; name = iPWSDatabaseImportViewController.h; path = include/iPWSDatabaseImportViewController.h; sourceTree = "<group>"; };
		304BB1391252950E00702002 /* iPWSDatabaseModel.h */ = {isa = PBXFileReference; fileEncoding = 4; lastKnownFileType = sourcecode.c.h; name = iPWSDatabaseModel.h; path = include/iPWSDatabaseModel.h; sourceTree = "<group>"; };
		304BB13B1252953500702002 /* iPWSDatabaseDetailViewController.mm */ = {isa = PBXFileReference; fileEncoding = 4; lastKnownFileType = sourcecode.cpp.objcpp; name = iPWSDatabaseDetailViewController.mm; path = source/iPWSDatabaseDetailViewController.mm; sourceTree = "<group>"; };
		304BB13F1252955A00702002 /* iPWSDatabaseDetailViewController.h */ = {isa = PBXFileReference; fileEncoding = 4; lastKnownFileType = sourcecode.c.h; name = iPWSDatabaseDetailViewController.h; path = include/iPWSDatabaseDetailViewController.h; sourceTree = "<group>"; };
		304BB1401252956300702002 /* iPWSDatabaseDetailViewController.xib */ = {isa = PBXFileReference; lastKnownFileType = file.xib; name = iPWSDatabaseDetailViewController.xib; path = resources/iPWSDatabaseDetailViewController.xib; sourceTree = "<group>"; };
		305DD87717EE970B0080A436 /* Images.xcassets */ = {isa = PBXFileReference; lastKnownFileType = folder.assetcatalog; name = Images.xcassets; path = iPasswordSafe/Images.xcassets; sourceTree = "<group>"; };
		305DD87B17EEAE1B0080A436 /* QuartzCore.framework */ = {isa = PBXFileReference; lastKnownFileType = wrapper.framework; name = QuartzCore.framework; path = System/Library/Frameworks/QuartzCore.framework; sourceTree = SDKROOT; };
		305DD87F17EEB2570080A436 /* DropboxSDK.framework */ = {isa = PBXFileReference; lastKnownFileType = wrapper.framework; name = DropboxSDK.framework; path = thirdpartysource/DropboxSDK.framework; sourceTree = "<group>"; };
		305DD88117EF55100080A436 /* settings.png */ = {isa = PBXFileReference; lastKnownFileType = image.png; name = settings.png; path = resources/settings.png; sourceTree = "<group>"; };
		306D81C516152B7D0084D991 /* MainWindow-iPad.xib */ = {isa = PBXFileReference; lastKnownFileType = file.xib; name = "MainWindow-iPad.xib"; path = "resources/iPad/MainWindow-iPad.xib"; sourceTree = "<group>"; };
		306D81C716152C200084D991 /* Default-568h@2x.png */ = {isa = PBXFileReference; lastKnownFileType = image.png; path = "Default-568h@2x.png"; sourceTree = "<group>"; };
		30933E7B124C0A8800622BFA /* iPWSDatabaseEntryModel.mm */ = {isa = PBXFileReference; fileEncoding = 4; lastKnownFileType = sourcecode.cpp.objcpp; name = iPWSDatabaseEntryModel.mm; path = source/iPWSDatabaseEntryModel.mm; sourceTree = "<group>"; };
		30933E7D124C0AA500622BFA /* iPWSDatabaseEntryModel.h */ = {isa = PBXFileReference; fileEncoding = 4; lastKnownFileType = sourcecode.c.h; name = iPWSDatabaseEntryModel.h; path = include/iPWSDatabaseEntryModel.h; sourceTree = "<group>"; };
		30933F531251314000622BFA /* iPWSDatabaseAddViewController.mm */ = {isa = PBXFileReference; fileEncoding = 4; lastKnownFileType = sourcecode.cpp.objcpp; name = iPWSDatabaseAddViewController.mm; path = source/iPWSDatabaseAddViewController.mm; sourceTree = "<group>"; };
		30933F571251316400622BFA /* iPWSDatabaseAddViewController.h */ = {isa = PBXFileReference; fileEncoding = 4; lastKnownFileType = sourcecode.c.h; name = iPWSDatabaseAddViewController.h; path = include/iPWSDatabaseAddViewController.h; sourceTree = "<group>"; };
		30933F581251316F00622BFA /* iPWSDatabaseAddViewController.xib */ = {isa = PBXFileReference; lastKnownFileType = file.xib; name = iPWSDatabaseAddViewController.xib; path = resources/iPWSDatabaseAddViewController.xib; sourceTree = "<group>"; };
		30DF134B1278C801005929AD /* lockbarbutton.png */ = {isa = PBXFileReference; lastKnownFileType = image.png; name = lockbarbutton.png; path = resources/lockbarbutton.png; sourceTree = "<group>"; };
		30E1070D1279F32E00649034 /* diceicon.png */ = {isa = PBXFileReference; lastKnownFileType = image.png; name = diceicon.png; path = resources/diceicon.png; sourceTree = "<group>"; };
		5C4324F41F5F69570012EDB6 /* NSString+CppStringAdditions.h */ = {isa = PBXFileReference; lastKnownFileType = sourcecode.c.h; name = "NSString+CppStringAdditions.h"; path = "include/NSString+CppStringAdditions.h"; sourceTree = "<group>"; };
		5C4324F51F5F69AF0012EDB6 /* NSString+CppStringAdditions.mm */ = {isa = PBXFileReference; explicitFileType = sourcecode.cpp.objcpp; fileEncoding = 4; name = "NSString+CppStringAdditions.mm"; path = "source/NSString+CppStringAdditions.mm"; sourceTree = "<group>"; };
		A10F649612F3CBCE00FFC851 /* ActivityOverlayViewController.xib */ = {isa = PBXFileReference; lastKnownFileType = file.xib; name = ActivityOverlayViewController.xib; path = resources/ActivityOverlayViewController.xib; sourceTree = "<group>"; };
		A10F649812F3CBDF00FFC851 /* ActivityOverlayViewController.mm */ = {isa = PBXFileReference; fileEncoding = 4; lastKnownFileType = sourcecode.cpp.objcpp; name = ActivityOverlayViewController.mm; path = source/ActivityOverlayViewController.mm; sourceTree = "<group>"; };
		A10F649A12F3CBEE00FFC851 /* ActivityOverlayViewController.h */ = {isa = PBXFileReference; fileEncoding = 4; lastKnownFileType = sourcecode.c.h; name = ActivityOverlayViewController.h; path = include/ActivityOverlayViewController.h; sourceTree = "<group>"; };
		A1192259150D90BF00A8C520 /* iPWSDropBoxAuthenticator.h */ = {isa = PBXFileReference; fileEncoding = 4; lastKnownFileType = sourcecode.c.h; name = iPWSDropBoxAuthenticator.h; path = include/iPWSDropBoxAuthenticator.h; sourceTree = "<group>"; };
		A119225A150D90ED00A8C520 /* iPWSDropBoxAuthenticator.mm */ = {isa = PBXFileReference; fileEncoding = 4; lastKnownFileType = sourcecode.cpp.objcpp; name = iPWSDropBoxAuthenticator.mm; path = source/iPWSDropBoxAuthenticator.mm; sourceTree = "<group>"; };
		A14CF8D51499170200D53605 /* PasswordAlertView.h */ = {isa = PBXFileReference; fileEncoding = 4; lastKnownFileType = sourcecode.c.h; name = PasswordAlertView.h; path = include/PasswordAlertView.h; sourceTree = "<group>"; };
		A14CF8D61499171900D53605 /* PasswordAlertView.mm */ = {isa = PBXFileReference; fileEncoding = 4; lastKnownFileType = sourcecode.cpp.objcpp; name = PasswordAlertView.mm; path = source/PasswordAlertView.mm; sourceTree = "<group>"; };
		A150EF431512B64A002EC340 /* iPWSDatabaseModelMerger.h */ = {isa = PBXFileReference; fileEncoding = 4; lastKnownFileType = sourcecode.c.h; name = iPWSDatabaseModelMerger.h; path = include/iPWSDatabaseModelMerger.h; sourceTree = "<group>"; };
		A150EF441512B671002EC340 /* iPWSDatabaseModelMerger.mm */ = {isa = PBXFileReference; fileEncoding = 4; lastKnownFileType = sourcecode.cpp.objcpp; name = iPWSDatabaseModelMerger.mm; path = source/iPWSDatabaseModelMerger.mm; sourceTree = "<group>"; };
		A150EF461512B68E002EC340 /* iPWSDatabaseModelMerger.xib */ = {isa = PBXFileReference; fileEncoding = 4; lastKnownFileType = file.xib; name = iPWSDatabaseModelMerger.xib; path = resources/iPWSDatabaseModelMerger.xib; sourceTree = "<group>"; };
		A16BF2381507087A0035960A /* DismissAlertView.h */ = {isa = PBXFileReference; fileEncoding = 4; lastKnownFileType = sourcecode.c.h; name = DismissAlertView.h; path = include/DismissAlertView.h; sourceTree = "<group>"; };
		A16BF2391507088F0035960A /* DismissAlertView.mm */ = {isa = PBXFileReference; fileEncoding = 4; lastKnownFileType = sourcecode.cpp.objcpp; name = DismissAlertView.mm; path = source/DismissAlertView.mm; sourceTree = "<group>"; };
		A16BF23B15070DA50035960A /* iPWSMacros.h */ = {isa = PBXFileReference; fileEncoding = 4; lastKnownFileType = sourcecode.c.h; name = iPWSMacros.h; path = include/iPWSMacros.h; sourceTree = "<group>"; };
		A17F221D150EC53300AB1495 /* iPWSDropBoxImportViewController.h */ = {isa = PBXFileReference; fileEncoding = 4; lastKnownFileType = sourcecode.c.h; name = iPWSDropBoxImportViewController.h; path = include/iPWSDropBoxImportViewController.h; sourceTree = "<group>"; };
		A17F221E150EC54900AB1495 /* iPWSDropBoxImportViewController.mm */ = {isa = PBXFileReference; fileEncoding = 4; lastKnownFileType = sourcecode.cpp.objcpp; name = iPWSDropBoxImportViewController.mm; path = source/iPWSDropBoxImportViewController.mm; sourceTree = "<group>"; };
		A17F2220150EC55600AB1495 /* iPWSDropBoxImportViewController.xib */ = {isa = PBXFileReference; fileEncoding = 4; lastKnownFileType = file.xib; name = iPWSDropBoxImportViewController.xib; path = resources/iPWSDropBoxImportViewController.xib; sourceTree = "<group>"; };
		A1851333150C358B0081EE26 /* iPWSDropBoxSynchronizer.h */ = {isa = PBXFileReference; fileEncoding = 4; lastKnownFileType = sourcecode.c.h; name = iPWSDropBoxSynchronizer.h; path = include/iPWSDropBoxSynchronizer.h; sourceTree = "<group>"; };
		A1851334150C35970081EE26 /* iPWSDropBoxSynchronizer.mm */ = {isa = PBXFileReference; fileEncoding = 4; lastKnownFileType = sourcecode.cpp.objcpp; name = iPWSDropBoxSynchronizer.mm; path = source/iPWSDropBoxSynchronizer.mm; sourceTree = "<group>"; };
		A1851345150D20CC0081EE26 /* iPWSDropBoxSynchronizerView.xib */ = {isa = PBXFileReference; fileEncoding = 4; lastKnownFileType = file.xib; name = iPWSDropBoxSynchronizerView.xib; path = resources/iPWSDropBoxSynchronizerView.xib; sourceTree = "<group>"; };
		A1CB19A41509A2B60006DD14 /* Security.framework */ = {isa = PBXFileReference; lastKnownFileType = wrapper.framework; name = Security.framework; path = System/Library/Frameworks/Security.framework; sourceTree = SDKROOT; };
		A1F18B65150AFFB200DA947E /* DropBoxKeys.h */ = {isa = PBXFileReference; lastKnownFileType = sourcecode.c.h; name = DropBoxKeys.h; path = include/DropBoxKeys.h; sourceTree = "<group>"; };
		A1FD0B5C1511796900FF0E8E /* iPWSDropBoxPreferences.h */ = {isa = PBXFileReference; fileEncoding = 4; lastKnownFileType = sourcecode.c.h; name = iPWSDropBoxPreferences.h; path = include/iPWSDropBoxPreferences.h; sourceTree = "<group>"; };
		A1FD0B5D1511798800FF0E8E /* iPWSDropBoxPreferences.mm */ = {isa = PBXFileReference; fileEncoding = 4; lastKnownFileType = sourcecode.cpp.objcpp; name = iPWSDropBoxPreferences.mm; path = source/iPWSDropBoxPreferences.mm; sourceTree = "<group>"; };
		A1FD0B5F1511938900FF0E8E /* iPWSDropBoxConflictResolver.h */ = {isa = PBXFileReference; fileEncoding = 4; lastKnownFileType = sourcecode.c.h; name = iPWSDropBoxConflictResolver.h; path = include/iPWSDropBoxConflictResolver.h; sourceTree = "<group>"; };
		A1FD0B601511939E00FF0E8E /* iPWSDropBoxConflictResolver.mm */ = {isa = PBXFileReference; fileEncoding = 4; lastKnownFileType = sourcecode.cpp.objcpp; name = iPWSDropBoxConflictResolver.mm; path = source/iPWSDropBoxConflictResolver.mm; sourceTree = "<group>"; };
		A1FD0B64151193E800FF0E8E /* iPWSDropBoxConflictResolverView.xib */ = {isa = PBXFileReference; fileEncoding = 4; lastKnownFileType = file.xib; name = iPWSDropBoxConflictResolverView.xib; path = resources/iPWSDropBoxConflictResolverView.xib; sourceTree = "<group>"; };
		DB6E421B125BDC4700011FA3 /* iPasswordSafe-Info.plist */ = {isa = PBXFileReference; fileEncoding = 4; lastKnownFileType = text.plist.xml; path = "iPasswordSafe-Info.plist"; sourceTree = "<group>"; };
/* End PBXFileReference section */

/* Begin PBXFrameworksBuildPhase section */
		1D60588F0D05DD3D006BFB54 /* Frameworks */ = {
			isa = PBXFrameworksBuildPhase;
			buildActionMask = 2147483647;
			files = (
				305DD87C17EEAE1B0080A436 /* QuartzCore.framework in Frameworks */,
				303505E817EE6AE30011CBEE /* libPasswordSafe.a in Frameworks */,
				305DD88017EEB2570080A436 /* DropboxSDK.framework in Frameworks */,
				A1CB19A51509A2B60006DD14 /* Security.framework in Frameworks */,
				1D60589F0D05DD5A006BFB54 /* Foundation.framework in Frameworks */,
				1DF5F4E00D08C38300B7A737 /* UIKit.framework in Frameworks */,
				2892E4100DC94CBA00A64D0F /* CoreGraphics.framework in Frameworks */,
			);
			runOnlyForDeploymentPostprocessing = 0;
		};
/* End PBXFrameworksBuildPhase section */

/* Begin PBXGroup section */
		19C28FACFE9D520D11CA2CBB /* Products */ = {
			isa = PBXGroup;
			children = (
				1D6058910D05DD3D006BFB54 /* PasswordSafes.app */,
			);
			name = Products;
			sourceTree = "<group>";
		};
		29B97314FDCFA39411CA2CEA /* CustomTemplate */ = {
			isa = PBXGroup;
			children = (
				303505DD17EE69AC0011CBEE /* PasswordSafe.xcodeproj */,
				306D81C716152C200084D991 /* Default-568h@2x.png */,
				3013F25B124A750500C82647 /* Headers */,
				3013F25A124A74FD00C82647 /* Sources */,
				29B97317FDCFA39411CA2CEA /* Resources */,
				29B97323FDCFA39411CA2CEA /* Frameworks */,
				19C28FACFE9D520D11CA2CBB /* Products */,
				3020EDC7125FB18900DCDDB0 /* Settings.bundle */,
			);
			name = CustomTemplate;
			sourceTree = "<group>";
		};
		29B97317FDCFA39411CA2CEA /* Resources */ = {
			isa = PBXGroup;
			children = (
				305DD88117EF55100080A436 /* settings.png */,
				305DD87717EE970B0080A436 /* Images.xcassets */,
				306D81C416152B780084D991 /* iPad */,
				30E1070D1279F32E00649034 /* diceicon.png */,
				30DF134B1278C801005929AD /* lockbarbutton.png */,
				DB6E421B125BDC4700011FA3 /* iPasswordSafe-Info.plist */,
				3013F256124A74E100C82647 /* iPWSDatabasesViewController.xib */,
				30933F581251316F00622BFA /* iPWSDatabaseAddViewController.xib */,
				304BB0801252835C00702002 /* iPWSDatabaseImportViewController.xib */,
				304BB1401252956300702002 /* iPWSDatabaseDetailViewController.xib */,
				A150EF461512B68E002EC340 /* iPWSDatabaseModelMerger.xib */,
				303CC30E125688DB005E4970 /* iPWSDatabaseModelViewController.xib */,
				303CC357125696D0005E4970 /* iPWSDatabaseEntryViewController.xib */,
				A1FD0B64151193E800FF0E8E /* iPWSDropBoxConflictResolverView.xib */,
				A17F2220150EC55600AB1495 /* iPWSDropBoxImportViewController.xib */,
				A1851345150D20CC0081EE26 /* iPWSDropBoxSynchronizerView.xib */,
				A10F649612F3CBCE00FFC851 /* ActivityOverlayViewController.xib */,
				3013F255124A74E100C82647 /* MainWindow.xib */,
			);
			name = Resources;
			sourceTree = "<group>";
		};
		29B97323FDCFA39411CA2CEA /* Frameworks */ = {
			isa = PBXGroup;
			children = (
				305DD87F17EEB2570080A436 /* DropboxSDK.framework */,
				305DD87B17EEAE1B0080A436 /* QuartzCore.framework */,
				A1CB19A41509A2B60006DD14 /* Security.framework */,
				1DF5F4DF0D08C38300B7A737 /* UIKit.framework */,
				1D30AB110D05D00D00671497 /* Foundation.framework */,
				2892E40F0DC94CBA00A64D0F /* CoreGraphics.framework */,
			);
			name = Frameworks;
			sourceTree = "<group>";
		};
		3013F25A124A74FD00C82647 /* Sources */ = {
			isa = PBXGroup;
			children = (
				A1FD0B63151193C600FF0E8E /* DropBox */,
				A1CB19AB1509A5910006DD14 /* Models */,
				A1CB19AA1509A58C0006DD14 /* Controllers */,
				A1CB19A91509A5840006DD14 /* Views */,
				A150EF441512B671002EC340 /* iPWSDatabaseModelMerger.mm */,
				3013F25F124A752200C82647 /* iPasswordSafeAppDelegate.mm */,
				3013F260124A752200C82647 /* main.mm */,
				5C4324F51F5F69AF0012EDB6 /* NSString+CppStringAdditions.mm */,
			);
			name = Sources;
			sourceTree = "<group>";
		};
		3013F25B124A750500C82647 /* Headers */ = {
			isa = PBXGroup;
			children = (
				A1FD0B62151193AC00FF0E8E /* DropBox */,
				A1CB19A61509A53B0006DD14 /* Models */,
				A1CB19A71509A5590006DD14 /* Controllers */,
				A1CB19A81509A56E0006DD14 /* Views */,
				A150EF431512B64A002EC340 /* iPWSDatabaseModelMerger.h */,
				A16BF23B15070DA50035960A /* iPWSMacros.h */,
				3013F266124A753400C82647 /* iPasswordSafeAppDelegate.h */,
				3013F270124A76E100C82647 /* iPasswordSafe_Prefix.pch */,
				5C4324F41F5F69570012EDB6 /* NSString+CppStringAdditions.h */,
			);
			name = Headers;
			sourceTree = "<group>";
		};
		303505DE17EE69AC0011CBEE /* Products */ = {
			isa = PBXGroup;
			children = (
				303505E217EE69AC0011CBEE /* libPasswordSafe.a */,
			);
			name = Products;
			sourceTree = "<group>";
		};
		306D81C416152B780084D991 /* iPad */ = {
			isa = PBXGroup;
			children = (
				306D81C516152B7D0084D991 /* MainWindow-iPad.xib */,
			);
			name = iPad;
			sourceTree = "<group>";
		};
		A1CB19A61509A53B0006DD14 /* Models */ = {
			isa = PBXGroup;
			children = (
				30933E7D124C0AA500622BFA /* iPWSDatabaseEntryModel.h */,
				3013F38F124BB84100C82647 /* iPWSDatabaseFactory.h */,
				304BB1391252950E00702002 /* iPWSDatabaseModel.h */,
			);
			name = Models;
			sourceTree = "<group>";
		};
		A1CB19A71509A5590006DD14 /* Controllers */ = {
			isa = PBXGroup;
			children = (
				3013F267124A753400C82647 /* iPWSDatabasesViewController.h */,
				30933F571251316400622BFA /* iPWSDatabaseAddViewController.h */,
				304BB0821252836600702002 /* iPWSDatabaseImportViewController.h */,
				304BB13F1252955A00702002 /* iPWSDatabaseDetailViewController.h */,
				303CC310125688E5005E4970 /* iPWSDatabaseModelViewController.h */,
				303CC356125696C6005E4970 /* iPWSDatabaseEntryViewController.h */,
				A17F221D150EC53300AB1495 /* iPWSDropBoxImportViewController.h */,
				A10F649A12F3CBEE00FFC851 /* ActivityOverlayViewController.h */,
			);
			name = Controllers;
			sourceTree = "<group>";
		};
		A1CB19A81509A56E0006DD14 /* Views */ = {
			isa = PBXGroup;
			children = (
				A16BF2381507087A0035960A /* DismissAlertView.h */,
				A14CF8D51499170200D53605 /* PasswordAlertView.h */,
			);
			name = Views;
			sourceTree = "<group>";
		};
		A1CB19A91509A5840006DD14 /* Views */ = {
			isa = PBXGroup;
			children = (
				A16BF2391507088F0035960A /* DismissAlertView.mm */,
				A14CF8D61499171900D53605 /* PasswordAlertView.mm */,
			);
			name = Views;
			sourceTree = "<group>";
		};
		A1CB19AA1509A58C0006DD14 /* Controllers */ = {
			isa = PBXGroup;
			children = (
				3013F261124A752200C82647 /* iPWSDatabasesViewController.mm */,
				30933F531251314000622BFA /* iPWSDatabaseAddViewController.mm */,
				304BB07C1252831E00702002 /* iPWSDatabaseImportViewController.mm */,
				304BB13B1252953500702002 /* iPWSDatabaseDetailViewController.mm */,
				303CC30A125688B3005E4970 /* iPWSDatabaseModelViewController.mm */,
				303CC3521256969F005E4970 /* iPWSDatabaseEntryViewController.mm */,
				A17F221E150EC54900AB1495 /* iPWSDropBoxImportViewController.mm */,
				A10F649812F3CBDF00FFC851 /* ActivityOverlayViewController.mm */,
			);
			name = Controllers;
			sourceTree = "<group>";
		};
		A1CB19AB1509A5910006DD14 /* Models */ = {
			isa = PBXGroup;
			children = (
				30933E7B124C0A8800622BFA /* iPWSDatabaseEntryModel.mm */,
				3013F38D124BB7FA00C82647 /* iPWSDatabaseFactory.mm */,
				3013F3B8124BCB7E00C82647 /* iPWSDatabaseModel.mm */,
			);
			name = Models;
			sourceTree = "<group>";
		};
		A1FD0B62151193AC00FF0E8E /* DropBox */ = {
			isa = PBXGroup;
			children = (
				A1F18B65150AFFB200DA947E /* DropBoxKeys.h */,
				A1192259150D90BF00A8C520 /* iPWSDropBoxAuthenticator.h */,
				A1FD0B5F1511938900FF0E8E /* iPWSDropBoxConflictResolver.h */,
				A1FD0B5C1511796900FF0E8E /* iPWSDropBoxPreferences.h */,
				A1851333150C358B0081EE26 /* iPWSDropBoxSynchronizer.h */,
			);
			name = DropBox;
			sourceTree = "<group>";
		};
		A1FD0B63151193C600FF0E8E /* DropBox */ = {
			isa = PBXGroup;
			children = (
				A119225A150D90ED00A8C520 /* iPWSDropBoxAuthenticator.mm */,
				A1FD0B601511939E00FF0E8E /* iPWSDropBoxConflictResolver.mm */,
				A1851334150C35970081EE26 /* iPWSDropBoxSynchronizer.mm */,
				A1FD0B5D1511798800FF0E8E /* iPWSDropBoxPreferences.mm */,
			);
			name = DropBox;
			sourceTree = "<group>";
		};
/* End PBXGroup section */

/* Begin PBXHeadersBuildPhase section */
		FC4778C11F362ECC00301484 /* Headers */ = {
			isa = PBXHeadersBuildPhase;
			buildActionMask = 2147483647;
			files = (
			);
			runOnlyForDeploymentPostprocessing = 0;
		};
/* End PBXHeadersBuildPhase section */

/* Begin PBXNativeTarget section */
		1D6058900D05DD3D006BFB54 /* iPasswordSafe */ = {
			isa = PBXNativeTarget;
			buildConfigurationList = 1D6058960D05DD3E006BFB54 /* Build configuration list for PBXNativeTarget "iPasswordSafe" */;
			buildPhases = (
				1D60588D0D05DD3D006BFB54 /* Resources */,
				1D60588E0D05DD3D006BFB54 /* Sources */,
				1D60588F0D05DD3D006BFB54 /* Frameworks */,
				FC4778C11F362ECC00301484 /* Headers */,
			);
			buildRules = (
			);
			dependencies = (
				303505EA17EE6AF60011CBEE /* PBXTargetDependency */,
			);
			name = iPasswordSafe;
			productName = iPasswordSafe;
			productReference = 1D6058910D05DD3D006BFB54 /* PasswordSafes.app */;
			productType = "com.apple.product-type.application";
		};
/* End PBXNativeTarget section */

/* Begin PBXProject section */
		29B97313FDCFA39411CA2CEA /* Project object */ = {
			isa = PBXProject;
			attributes = {
				LastUpgradeCheck = 0820;
				ORGANIZATIONNAME = JasonJohnsonSoftware;
				TargetAttributes = {
					1D6058900D05DD3D006BFB54 = {
						DevelopmentTeam = 22EHEB62E8;
					};
				};
			};
			buildConfigurationList = C01FCF4E08A954540054247B /* Build configuration list for PBXProject "iPasswordSafe" */;
			compatibilityVersion = "Xcode 3.2";
			developmentRegion = English;
			hasScannedForEncodings = 1;
			knownRegions = (
				English,
				Japanese,
				French,
				German,
				en,
			);
			mainGroup = 29B97314FDCFA39411CA2CEA /* CustomTemplate */;
			projectDirPath = "";
			projectReferences = (
				{
					ProductGroup = 303505DE17EE69AC0011CBEE /* Products */;
					ProjectRef = 303505DD17EE69AC0011CBEE /* PasswordSafe.xcodeproj */;
				},
			);
			projectRoot = "";
			targets = (
				1D6058900D05DD3D006BFB54 /* iPasswordSafe */,
			);
		};
/* End PBXProject section */

/* Begin PBXReferenceProxy section */
		303505E217EE69AC0011CBEE /* libPasswordSafe.a */ = {
			isa = PBXReferenceProxy;
			fileType = archive.ar;
			path = libPasswordSafe.a;
			remoteRef = 303505E117EE69AC0011CBEE /* PBXContainerItemProxy */;
			sourceTree = BUILT_PRODUCTS_DIR;
		};
/* End PBXReferenceProxy section */

/* Begin PBXResourcesBuildPhase section */
		1D60588D0D05DD3D006BFB54 /* Resources */ = {
			isa = PBXResourcesBuildPhase;
			buildActionMask = 2147483647;
			files = (
				3013F258124A74E100C82647 /* MainWindow.xib in Resources */,
				3013F259124A74E100C82647 /* iPWSDatabasesViewController.xib in Resources */,
				30933F591251316F00622BFA /* iPWSDatabaseAddViewController.xib in Resources */,
				304BB0811252835C00702002 /* iPWSDatabaseImportViewController.xib in Resources */,
				304BB1411252956300702002 /* iPWSDatabaseDetailViewController.xib in Resources */,
				303CC30F125688DB005E4970 /* iPWSDatabaseModelViewController.xib in Resources */,
				305DD88217EF55100080A436 /* settings.png in Resources */,
				303CC358125696D0005E4970 /* iPWSDatabaseEntryViewController.xib in Resources */,
				3020EDC8125FB18900DCDDB0 /* Settings.bundle in Resources */,
				30DF134C1278C801005929AD /* lockbarbutton.png in Resources */,
				30E1070E1279F32E00649034 /* diceicon.png in Resources */,
				A10F649712F3CBCE00FFC851 /* ActivityOverlayViewController.xib in Resources */,
				A1851346150D20CC0081EE26 /* iPWSDropBoxSynchronizerView.xib in Resources */,
				A17F2221150EC55600AB1495 /* iPWSDropBoxImportViewController.xib in Resources */,
				A1FD0B65151193E800FF0E8E /* iPWSDropBoxConflictResolverView.xib in Resources */,
				305DD87817EE970B0080A436 /* Images.xcassets in Resources */,
				A150EF471512B68E002EC340 /* iPWSDatabaseModelMerger.xib in Resources */,
				306D81C616152B7D0084D991 /* MainWindow-iPad.xib in Resources */,
				306D81C816152C200084D991 /* Default-568h@2x.png in Resources */,
			);
			runOnlyForDeploymentPostprocessing = 0;
		};
/* End PBXResourcesBuildPhase section */

/* Begin PBXSourcesBuildPhase section */
		1D60588E0D05DD3D006BFB54 /* Sources */ = {
			isa = PBXSourcesBuildPhase;
			buildActionMask = 2147483647;
			files = (
				3013F262124A752200C82647 /* iPasswordSafeAppDelegate.mm in Sources */,
				5C4324F61F5F69AF0012EDB6 /* NSString+CppStringAdditions.mm in Sources */,
				3013F263124A752200C82647 /* main.mm in Sources */,
				3013F264124A752200C82647 /* iPWSDatabasesViewController.mm in Sources */,
				3013F38E124BB7FA00C82647 /* iPWSDatabaseFactory.mm in Sources */,
				3013F3B9124BCB7E00C82647 /* iPWSDatabaseModel.mm in Sources */,
				30933E7C124C0A8800622BFA /* iPWSDatabaseEntryModel.mm in Sources */,
				30933F551251314000622BFA /* iPWSDatabaseAddViewController.mm in Sources */,
				304BB07E1252831E00702002 /* iPWSDatabaseImportViewController.mm in Sources */,
				304BB13D1252953500702002 /* iPWSDatabaseDetailViewController.mm in Sources */,
				303CC30C125688B3005E4970 /* iPWSDatabaseModelViewController.mm in Sources */,
				303CC3541256969F005E4970 /* iPWSDatabaseEntryViewController.mm in Sources */,
				A10F649912F3CBDF00FFC851 /* ActivityOverlayViewController.mm in Sources */,
				A14CF8D71499171900D53605 /* PasswordAlertView.mm in Sources */,
				A16BF23A1507088F0035960A /* DismissAlertView.mm in Sources */,
				A1851335150C35970081EE26 /* iPWSDropBoxSynchronizer.mm in Sources */,
				A119225B150D90EE00A8C520 /* iPWSDropBoxAuthenticator.mm in Sources */,
				A17F221F150EC54900AB1495 /* iPWSDropBoxImportViewController.mm in Sources */,
				A1FD0B5E1511798800FF0E8E /* iPWSDropBoxPreferences.mm in Sources */,
				A1FD0B611511939E00FF0E8E /* iPWSDropBoxConflictResolver.mm in Sources */,
				A150EF451512B671002EC340 /* iPWSDatabaseModelMerger.mm in Sources */,
			);
			runOnlyForDeploymentPostprocessing = 0;
		};
/* End PBXSourcesBuildPhase section */

/* Begin PBXTargetDependency section */
		303505EA17EE6AF60011CBEE /* PBXTargetDependency */ = {
			isa = PBXTargetDependency;
			name = PasswordSafe;
			targetProxy = 303505E917EE6AF60011CBEE /* PBXContainerItemProxy */;
		};
/* End PBXTargetDependency section */

/* Begin XCBuildConfiguration section */
		1D6058940D05DD3E006BFB54 /* Debug */ = {
			isa = XCBuildConfiguration;
			buildSettings = {
				ALWAYS_SEARCH_USER_PATHS = NO;
				ASSETCATALOG_COMPILER_APPICON_NAME = AppIcon;
				ASSETCATALOG_COMPILER_LAUNCHIMAGE_NAME = LaunchImage;
				CLANG_CXX_LIBRARY = "libc++";
				CODE_SIGN_IDENTITY = "iPhone Developer";
				"CODE_SIGN_IDENTITY[sdk=iphoneos*]" = "iPhone Developer";
				COPY_PHASE_STRIP = NO;
				FRAMEWORK_SEARCH_PATHS = (
					"$(inherited)",
					thirdpartysource,
				);
				GCC_C_LANGUAGE_STANDARD = "compiler-default";
				GCC_DYNAMIC_NO_PIC = NO;
				GCC_OPTIMIZATION_LEVEL = 0;
				GCC_PRECOMPILE_PREFIX_HEADER = YES;
				GCC_PREFIX_HEADER = iPasswordSafe_Prefix.pch;
				GCC_PREPROCESSOR_DEFINITIONS = "";
				INFOPLIST_FILE = "iPasswordSafe-Info.plist";
				INFOPLIST_PREFIX_HEADER = include/DropBoxKeys.h;
				INFOPLIST_PREPROCESS = YES;
				IPHONEOS_DEPLOYMENT_TARGET = 8.0;
				LIBRARY_SEARCH_PATHS = "$(inherited)";
				PRODUCT_BUNDLE_IDENTIFIER = password.vault;
				PRODUCT_NAME = PasswordSafes;
				PROVISIONING_PROFILE = "";
				TARGETED_DEVICE_FAMILY = "1,2";
				USER_HEADER_SEARCH_PATHS = "include thirdpartysource/PasswordSafe";
				VALID_ARCHS = "armv7s armv7 arm64";
			};
			name = Debug;
		};
		1D6058950D05DD3E006BFB54 /* Release */ = {
			isa = XCBuildConfiguration;
			buildSettings = {
				ALWAYS_SEARCH_USER_PATHS = NO;
				ASSETCATALOG_COMPILER_APPICON_NAME = AppIcon;
				ASSETCATALOG_COMPILER_LAUNCHIMAGE_NAME = LaunchImage;
				CLANG_CXX_LIBRARY = "libc++";
				CODE_SIGN_IDENTITY = "iPhone Developer";
				"CODE_SIGN_IDENTITY[sdk=iphoneos*]" = "iPhone Developer";
				COPY_PHASE_STRIP = YES;
				FRAMEWORK_SEARCH_PATHS = (
					"$(inherited)",
					thirdpartysource,
				);
				GCC_C_LANGUAGE_STANDARD = "compiler-default";
				GCC_PRECOMPILE_PREFIX_HEADER = YES;
				GCC_PREFIX_HEADER = iPasswordSafe_Prefix.pch;
				GCC_PREPROCESSOR_DEFINITIONS = "";
				INFOPLIST_FILE = "iPasswordSafe-Info.plist";
				INFOPLIST_PREFIX_HEADER = include/DropBoxKeys.h;
				INFOPLIST_PREPROCESS = YES;
				IPHONEOS_DEPLOYMENT_TARGET = 8.0;
				LIBRARY_SEARCH_PATHS = "$(inherited)";
				PRODUCT_BUNDLE_IDENTIFIER = password.vault;
				PRODUCT_NAME = PasswordSafes;
				PROVISIONING_PROFILE = "";
				TARGETED_DEVICE_FAMILY = "1,2";
				USER_HEADER_SEARCH_PATHS = "include thirdpartysource/PasswordSafe";
				VALIDATE_PRODUCT = YES;
				VALID_ARCHS = "armv7s armv7 arm64";
			};
			name = Release;
		};
		A166E75B126FDBAC00A8C66E /* Distribution */ = {
			isa = XCBuildConfiguration;
			buildSettings = {
				CLANG_ANALYZER_LOCALIZABILITY_NONLOCALIZED = YES;
				CLANG_WARN_BOOL_CONVERSION = YES;
				CLANG_WARN_CONSTANT_CONVERSION = YES;
				CLANG_WARN_EMPTY_BODY = YES;
				CLANG_WARN_ENUM_CONVERSION = YES;
				CLANG_WARN_INFINITE_RECURSION = YES;
				CLANG_WARN_INT_CONVERSION = YES;
				CLANG_WARN_SUSPICIOUS_MOVE = YES;
				CLANG_WARN_UNREACHABLE_CODE = YES;
				CLANG_WARN__DUPLICATE_METHOD_MATCH = YES;
				"CODE_SIGN_IDENTITY[sdk=iphoneos*]" = "iPhone Distribution";
				ENABLE_STRICT_OBJC_MSGSEND = YES;
				GCC_C_LANGUAGE_STANDARD = c99;
				GCC_NO_COMMON_BLOCKS = YES;
				GCC_PREPROCESSOR_DEFINITIONS = LTC_NO_ROLC;
				GCC_SYMBOLS_PRIVATE_EXTERN = NO;
				GCC_WARN_64_TO_32_BIT_CONVERSION = YES;
				GCC_WARN_ABOUT_RETURN_TYPE = YES;
				GCC_WARN_UNDECLARED_SELECTOR = YES;
				GCC_WARN_UNINITIALIZED_AUTOS = YES;
				GCC_WARN_UNUSED_FUNCTION = YES;
				GCC_WARN_UNUSED_VARIABLE = YES;
				OTHER_CFLAGS = "-DNS_BLOCK_ASSERTIONS=1";
				"PROVISIONING_PROFILE[sdk=iphoneos*]" = "";
				REZ_SEARCH_PATHS = "";
				SDKROOT = iphoneos;
				USER_HEADER_SEARCH_PATHS = "include thirdpartysource/PasswordSafe";
			};
			name = Distribution;
		};
		A166E75C126FDBAC00A8C66E /* Distribution */ = {
			isa = XCBuildConfiguration;
			buildSettings = {
				ALWAYS_SEARCH_USER_PATHS = NO;
				ASSETCATALOG_COMPILER_APPICON_NAME = AppIcon;
				ASSETCATALOG_COMPILER_LAUNCHIMAGE_NAME = LaunchImage;
				CLANG_CXX_LIBRARY = "libc++";
				CODE_SIGN_IDENTITY = "iPhone Developer";
				"CODE_SIGN_IDENTITY[sdk=iphoneos*]" = "iPhone Developer";
				COPY_PHASE_STRIP = YES;
				FRAMEWORK_SEARCH_PATHS = (
					"$(inherited)",
					thirdpartysource,
				);
				GCC_C_LANGUAGE_STANDARD = "compiler-default";
				GCC_PRECOMPILE_PREFIX_HEADER = YES;
				GCC_PREFIX_HEADER = iPasswordSafe_Prefix.pch;
				GCC_PREPROCESSOR_DEFINITIONS = "";
				INFOPLIST_FILE = "iPasswordSafe-Info.plist";
				INFOPLIST_PREFIX_HEADER = include/DropBoxKeys.h;
				INFOPLIST_PREPROCESS = YES;
				IPHONEOS_DEPLOYMENT_TARGET = 8.0;
				LIBRARY_SEARCH_PATHS = "$(inherited)";
				PRODUCT_BUNDLE_IDENTIFIER = password.vault;
				PRODUCT_NAME = PasswordSafes;
				PROVISIONING_PROFILE = "";
				TARGETED_DEVICE_FAMILY = "1,2";
				USER_HEADER_SEARCH_PATHS = "include thirdpartysource/PasswordSafe";
				VALIDATE_PRODUCT = YES;
				VALID_ARCHS = "armv7s armv7 arm64";
			};
			name = Distribution;
		};
		C01FCF4F08A954540054247B /* Debug */ = {
			isa = XCBuildConfiguration;
			buildSettings = {
				CLANG_ANALYZER_LOCALIZABILITY_NONLOCALIZED = YES;
				CLANG_WARN_BOOL_CONVERSION = YES;
				CLANG_WARN_CONSTANT_CONVERSION = YES;
				CLANG_WARN_EMPTY_BODY = YES;
				CLANG_WARN_ENUM_CONVERSION = YES;
				CLANG_WARN_INFINITE_RECURSION = YES;
				CLANG_WARN_INT_CONVERSION = YES;
				CLANG_WARN_SUSPICIOUS_MOVE = YES;
				CLANG_WARN_UNREACHABLE_CODE = YES;
				CLANG_WARN__DUPLICATE_METHOD_MATCH = YES;
				"CODE_SIGN_IDENTITY[sdk=iphoneos*]" = "iPhone Developer";
				ENABLE_STRICT_OBJC_MSGSEND = YES;
				ENABLE_TESTABILITY = YES;
				GCC_C_LANGUAGE_STANDARD = c99;
				GCC_NO_COMMON_BLOCKS = YES;
				GCC_PREPROCESSOR_DEFINITIONS = LTC_NO_ROLC;
				GCC_SYMBOLS_PRIVATE_EXTERN = NO;
				GCC_WARN_64_TO_32_BIT_CONVERSION = YES;
				GCC_WARN_ABOUT_RETURN_TYPE = YES;
				GCC_WARN_UNDECLARED_SELECTOR = YES;
				GCC_WARN_UNINITIALIZED_AUTOS = YES;
				GCC_WARN_UNUSED_FUNCTION = YES;
				GCC_WARN_UNUSED_VARIABLE = YES;
				ONLY_ACTIVE_ARCH = YES;
				"PROVISIONING_PROFILE[sdk=iphoneos*]" = "";
				REZ_SEARCH_PATHS = "";
				SDKROOT = iphoneos;
				USER_HEADER_SEARCH_PATHS = "include thirdpartysource/PasswordSafe";
			};
			name = Debug;
		};
		C01FCF5008A954540054247B /* Release */ = {
			isa = XCBuildConfiguration;
			buildSettings = {
				CLANG_ANALYZER_LOCALIZABILITY_NONLOCALIZED = YES;
				CLANG_WARN_BOOL_CONVERSION = YES;
				CLANG_WARN_CONSTANT_CONVERSION = YES;
				CLANG_WARN_EMPTY_BODY = YES;
				CLANG_WARN_ENUM_CONVERSION = YES;
				CLANG_WARN_INFINITE_RECURSION = YES;
				CLANG_WARN_INT_CONVERSION = YES;
				CLANG_WARN_SUSPICIOUS_MOVE = YES;
				CLANG_WARN_UNREACHABLE_CODE = YES;
				CLANG_WARN__DUPLICATE_METHOD_MATCH = YES;
				"CODE_SIGN_IDENTITY[sdk=iphoneos*]" = "iPhone Developer";
				ENABLE_STRICT_OBJC_MSGSEND = YES;
				GCC_C_LANGUAGE_STANDARD = c99;
				GCC_NO_COMMON_BLOCKS = YES;
				GCC_PREPROCESSOR_DEFINITIONS = LTC_NO_ROLC;
				GCC_SYMBOLS_PRIVATE_EXTERN = NO;
				GCC_WARN_64_TO_32_BIT_CONVERSION = YES;
				GCC_WARN_ABOUT_RETURN_TYPE = YES;
				GCC_WARN_UNDECLARED_SELECTOR = YES;
				GCC_WARN_UNINITIALIZED_AUTOS = YES;
				GCC_WARN_UNUSED_FUNCTION = YES;
				GCC_WARN_UNUSED_VARIABLE = YES;
				OTHER_CFLAGS = "-DNS_BLOCK_ASSERTIONS=1";
				REZ_SEARCH_PATHS = "";
				SDKROOT = iphoneos;
				USER_HEADER_SEARCH_PATHS = "include thirdpartysource/PasswordSafe";
			};
			name = Release;
		};
/* End XCBuildConfiguration section */

/* Begin XCConfigurationList section */
		1D6058960D05DD3E006BFB54 /* Build configuration list for PBXNativeTarget "iPasswordSafe" */ = {
			isa = XCConfigurationList;
			buildConfigurations = (
				1D6058940D05DD3E006BFB54 /* Debug */,
				1D6058950D05DD3E006BFB54 /* Release */,
				A166E75C126FDBAC00A8C66E /* Distribution */,
			);
			defaultConfigurationIsVisible = 0;
			defaultConfigurationName = Release;
		};
		C01FCF4E08A954540054247B /* Build configuration list for PBXProject "iPasswordSafe" */ = {
			isa = XCConfigurationList;
			buildConfigurations = (
				C01FCF4F08A954540054247B /* Debug */,
				C01FCF5008A954540054247B /* Release */,
				A166E75B126FDBAC00A8C66E /* Distribution */,
			);
			defaultConfigurationIsVisible = 0;
			defaultConfigurationName = Release;
		};
/* End XCConfigurationList section */
	};
	rootObject = 29B97313FDCFA39411CA2CEA /* Project object */;
}
